# THIS IS AN AUTOGENERATED FILE. DO NOT EDIT THIS FILE DIRECTLY.
# yarn lockfile v1


"@datastructures-js/queue@^4.2.3":
  version "4.2.3"
  resolved "https://registry.yarnpkg.com/@datastructures-js/queue/-/queue-4.2.3.tgz#a63b155e2c1634c9b9d8fcd83969c7b3e143dff7"
  integrity sha512-GWVMorC/xi2V2ta+Z/CPgPGHL2ZJozcj48g7y2nIX5GIGZGRrbShSHgvMViJwHJurUzJYOdIdRZnWDRrROFwJA==

"@types/node@*", "@types/node@^22.10.1":
  version "22.10.2"
  resolved "https://registry.yarnpkg.com/@types/node/-/node-22.10.2.tgz#a485426e6d1fdafc7b0d4c7b24e2c78182ddabb9"
  integrity sha512-Xxr6BBRCAOQixvonOye19wnzyDiUtTeqldOOmj3CkeblonbccA12PFwlufvRdrpjXxqnmUaeiU5EOA+7s5diUQ==
  dependencies:
    undici-types "~6.20.0"

"@types/papaparse@^5.3.15":
  version "5.3.15"
  resolved "https://registry.yarnpkg.com/@types/papaparse/-/papaparse-5.3.15.tgz#7cafa16757a1d121422deefbb10b6310b224ecc4"
  integrity sha512-JHe6vF6x/8Z85nCX4yFdDslN11d+1pr12E526X8WAfhadOeaOTx5AuIkvDKIBopfvlzpzkdMx4YyvSKCM9oqtw==
  dependencies:
    "@types/node" "*"

diefficiency@^1.0.4:
  version "1.0.4"
  resolved "https://registry.yarnpkg.com/diefficiency/-/diefficiency-1.0.4.tgz#8a328b95bd0559725f2013982b13ba1137672fb5"
  integrity sha512-djYv4BFKCtClOUAa9Q8MrfrJvWdDJI84FLUUjsmhvolZKaZhk54LCCgXldDZG0YG7tlc6RwPHPoKdW4QSvWv7g==
  dependencies:
    fs "^0.0.1-security"
    typescript "^5.6.3"

dijkstrajs@^1.0.3:
  version "1.0.3"
  resolved "https://registry.yarnpkg.com/dijkstrajs/-/dijkstrajs-1.0.3.tgz#4c8dbdea1f0f6478bff94d9c49c784d623e4fc23"
  integrity sha512-qiSlmBq9+BCdCA/L46dw8Uy93mloxsPSbwnm5yrKn2vMPiy8KyAskTF6zuV/j5BMsmOGZDPs7KjU+mjb670kfA==

fs@^0.0.1-security:
  version "0.0.1-security"
  resolved "https://registry.yarnpkg.com/fs/-/fs-0.0.1-security.tgz#8a7bd37186b6dddf3813f23858b57ecaaf5e41d4"
  integrity sha512-3XY9e1pP0CVEUCdj5BmfIZxRBTSDycnbqhIOGec9QYtmVH2fbLpj86CFWkrNOkt/Fvty4KZG5lTglL9j/gJ87w==

papaparse@^5.4.1:
  version "5.4.1"
  resolved "https://registry.yarnpkg.com/papaparse/-/papaparse-5.4.1.tgz#f45c0f871853578bd3a30f92d96fdcfb6ebea127"
  integrity sha512-HipMsgJkZu8br23pW15uvo6sib6wne/4woLZPlFf3rpDyMe9ywEXUsuD7+6K9PRkJlVT51j/sCOYDKGGS3ZJrw==

relevant-retrieval-ratio@^1.0.2:
  version "1.0.3"
  resolved "https://registry.yarnpkg.com/relevant-retrieval-ratio/-/relevant-retrieval-ratio-1.0.3.tgz#2f166bcdb6d9c748d0700901ef5c851c04104bfc"
  integrity sha512-vdqQ7IpciVlR3KhqT8FCj0RM1qDuJAfvy72T5yc96ocBYlOEbNV44IycnK6m8ZpiQvJHpv3O2XOrOsnRv3SrJg==
  dependencies:
    "@datastructures-js/queue" "^4.2.3"
    dijkstrajs "^1.0.3"
    typescript "^5.2.2"

typescript@^5.2.2, typescript@^5.6.3, typescript@^5.7.2:
  version "5.7.2"
  resolved "https://registry.yarnpkg.com/typescript/-/typescript-5.7.2.tgz#3169cf8c4c8a828cde53ba9ecb3d2b1d5dd67be6"
  integrity sha512-i5t66RHxDvVN40HfDd1PsEThGNnlMCMT3jMUuoh9/0TaqWevNontacunWyN02LA9/fIbEWlcHZcgTKb9QoaLfg==

undici-types@~6.20.0:
  version "6.20.0"
  resolved "https://registry.yarnpkg.com/undici-types/-/undici-types-6.20.0.tgz#8171bf22c1f588d1554d55bf204bc624af388433"
  integrity sha512-Ny6QZ2Nju20vw1SRHe3d9jVu6gJ+4e3+MMpqu7pqE5HT6WsTSlce++GQmK5UXS8mzV8DSYHrQH+Xrf2jVcuKNg==
